{
	"name": "@my-ul/ng-porcelain",
	"version": "9.0.8",
	"lockfileVersion": 2,
	"requires": true,
	"packages": {
		"": {
			"name": "@my-ul/ng-porcelain",
			"version": "9.0.8",
			"peerDependencies": {
				"@angular/cdk": "^6.0.0 || ^7.0.0 || ^8.0.0 || ^9.0.0",
				"@angular/common": "^6.0.0 || ^7.0.0 || ^8.0.0 || ^9.0.0",
				"@angular/core": "^6.0.0 || ^7.0.0 || ^8.0.0 || ^9.0.0",
				"@angular/forms": "^6.0.0 || ^7.0.0 || ^8.0.0 || ^9.0.0",
				"@angular/platform-browser": "^6.0.0 || ^7.0.0 || ^8.0.0 || ^9.0.0",
				"@angular/platform-browser-dynamic": "^6.0.0 || ^7.0.0 || ^8.0.0 || ^9.0.0",
				"@fortawesome/angular-fontawesome": "^0.6.1",
				"@fortawesome/fontawesome-svg-core": "^1.2.30",
				"@fortawesome/free-solid-svg-icons": "^5.14.0",
				"@w11k/angular-sticky-things": "~1.3.0",
				"angular-mydatepicker": "^0.10.2",
				"lodash-es": "^4.0.0",
				"moment": "^2.27.0",
				"sprintf-js": "^1.1.2",
				"uuid": "^3.4.0"
			}
		},
		"node_modules/@angular/cdk": {
			"version": "9.2.4",
			"resolved": "https://registry.npmjs.org/@angular/cdk/-/cdk-9.2.4.tgz",
			"integrity": "sha512-iw2+qHMXHYVC6K/fttHeNHIieSKiTEodVutZoOEcBu9rmRTGbLB26V/CRsfIRmA1RBk+uFYWc6UQZnMC3RdnJQ==",
			"peer": true,
			"dependencies": {
				"parse5": "^5.0.0"
			},
			"optionalDependencies": {
				"parse5": "^5.0.0"
			},
			"peerDependencies": {
				"@angular/common": "^9.0.0 || ^10.0.0-0",
				"@angular/core": "^9.0.0 || ^10.0.0-0",
				"tslib": "^1.9.0"
			}
		},
		"node_modules/@angular/common": {
			"version": "9.1.13",
			"resolved": "https://registry.npmjs.org/@angular/common/-/common-9.1.13.tgz",
			"integrity": "sha512-QACUhJWlly/nfHUmjopVS1p6ayxxa/NqjyftdCeBJaoyM2YohqWixP/n/keu1K/srJ96aFpUNsZQgmgoRv5SOQ==",
			"peer": true,
			"peerDependencies": {
				"@angular/core": "9.1.13",
				"rxjs": "^6.5.3",
				"tslib": "^1.10.0"
			}
		},
		"node_modules/@angular/compiler": {
			"version": "9.1.13",
			"resolved": "https://registry.npmjs.org/@angular/compiler/-/compiler-9.1.13.tgz",
			"integrity": "sha512-9MLB1Xx7odKuxDoybVwiOB1ZEUZpL8FurYm4RVuW39ntsUt0IMC9Hb8UagZLTAWhaWSHydkD/KBQVVobGqd0lA==",
			"peer": true,
			"peerDependencies": {
				"tslib": "^1.10.0"
			}
		},
		"node_modules/@angular/core": {
			"version": "9.1.13",
			"resolved": "https://registry.npmjs.org/@angular/core/-/core-9.1.13.tgz",
			"integrity": "sha512-mBm24Q9GjkAsxMAzqQ86U1078+yTEpr0+syMEruUtJ0HUH6Fzn3J+6xTLb+BVcGb9RkCkFaV9T5mcn6ZM0f++g==",
			"peer": true,
			"peerDependencies": {
				"rxjs": "^6.5.3",
				"tslib": "^1.10.0",
				"zone.js": "~0.10.3"
			}
		},
		"node_modules/@angular/forms": {
			"version": "9.1.13",
			"resolved": "https://registry.npmjs.org/@angular/forms/-/forms-9.1.13.tgz",
			"integrity": "sha512-soGVZmPq2bzkxvtTyeJB8p3ejzm4xxt+43hJw6Ag8NxpwUFPVa30oJge3JV+u8Y4yBtl5SbOZ4bBX3EkMxLcGQ==",
			"peer": true,
			"peerDependencies": {
				"@angular/common": "9.1.13",
				"@angular/core": "9.1.13",
				"@angular/platform-browser": "9.1.13",
				"rxjs": "^6.5.3",
				"tslib": "^1.10.0"
			}
		},
		"node_modules/@angular/platform-browser": {
			"version": "9.1.13",
			"resolved": "https://registry.npmjs.org/@angular/platform-browser/-/platform-browser-9.1.13.tgz",
			"integrity": "sha512-F3iTz1zNbtrs7KFKUxbj8qmTsd/fiuTNcpBExjE5TtatRiE6J8vNvN1+Z/1FgPe0UXBSdTzSwZ8/RxWKw20RMw==",
			"peer": true,
			"peerDependencies": {
				"@angular/animations": "9.1.13",
				"@angular/common": "9.1.13",
				"@angular/core": "9.1.13",
				"tslib": "^1.10.0"
			},
			"peerDependenciesMeta": {
				"@angular/animations": {
					"optional": true
				}
			}
		},
		"node_modules/@angular/platform-browser-dynamic": {
			"version": "9.1.13",
			"resolved": "https://registry.npmjs.org/@angular/platform-browser-dynamic/-/platform-browser-dynamic-9.1.13.tgz",
			"integrity": "sha512-jCeHyAZ4Nap1/FOqAlKEg9UxQaSkHrxnQr6hYtWwC4ZDVUn3zLWQf6J+mbeYNOXN5yQxEiIqqhORYeOCLLqf1w==",
			"peer": true,
			"peerDependencies": {
				"@angular/common": "9.1.13",
				"@angular/compiler": "9.1.13",
				"@angular/core": "9.1.13",
				"@angular/platform-browser": "9.1.13",
				"tslib": "^1.10.0"
			}
		},
		"node_modules/@fortawesome/angular-fontawesome": {
			"version": "0.6.1",
			"resolved": "https://registry.npmjs.org/@fortawesome/angular-fontawesome/-/angular-fontawesome-0.6.1.tgz",
			"integrity": "sha512-ARQjtRuT+ZskzJDJKPwuiGO3+7nS0iyNLU/uHVJHfG4LwGJxwVIGldwg1SU957sra0Z0OtWEajHMhiS4vB9LwQ==",
			"peer": true,
			"peerDependencies": {
				"@angular/core": "^9.0.0",
				"@fortawesome/fontawesome-svg-core": "^1.2.27",
				"tslib": "^1.10.0"
			}
		},
		"node_modules/@fortawesome/fontawesome-common-types": {
			"version": "0.2.34",
			"resolved": "https://registry.npmjs.org/@fortawesome/fontawesome-common-types/-/fontawesome-common-types-0.2.34.tgz",
			"integrity": "sha512-XcIn3iYbTEzGIxD0/dY5+4f019jIcEIWBiHc3KrmK/ROahwxmZ/s+tdj97p/5K0klz4zZUiMfUlYP0ajhSJjmA==",
			"hasInstallScript": true,
			"peer": true,
			"engines": {
				"node": ">=6"
			}
		},
		"node_modules/@fortawesome/fontawesome-svg-core": {
			"version": "1.2.34",
			"resolved": "https://registry.npmjs.org/@fortawesome/fontawesome-svg-core/-/fontawesome-svg-core-1.2.34.tgz",
			"integrity": "sha512-0KNN0nc5eIzaJxlv43QcDmTkDY1CqeN6J7OCGSs+fwGPdtv0yOQqRjieopBCmw+yd7uD3N2HeNL3Zm5isDleLg==",
			"hasInstallScript": true,
			"peer": true,
			"dependencies": {
				"@fortawesome/fontawesome-common-types": "^0.2.34"
			},
			"engines": {
				"node": ">=6"
			}
		},
		"node_modules/@fortawesome/free-solid-svg-icons": {
			"version": "5.15.2",
			"resolved": "https://registry.npmjs.org/@fortawesome/free-solid-svg-icons/-/free-solid-svg-icons-5.15.2.tgz",
			"integrity": "sha512-ZfCU+QjaFsdNZmOGmfqEWhzI3JOe37x5dF4kz9GeXvKn/sTxhqMtZ7mh3lBf76SvcYY5/GKFuyG7p1r4iWMQqw==",
			"hasInstallScript": true,
			"peer": true,
			"dependencies": {
				"@fortawesome/fontawesome-common-types": "^0.2.34"
			},
			"engines": {
				"node": ">=6"
			}
		},
		"node_modules/@w11k/angular-sticky-things": {
			"version": "1.3.1",
			"resolved": "https://registry.npmjs.org/@w11k/angular-sticky-things/-/angular-sticky-things-1.3.1.tgz",
			"integrity": "sha512-rOIyaX3oEKQwPj/zxL1FQrvRzAjE1Ad1aFN5wg+ovnP6nDURjgIU5fPGnZLiTQAXQdoSZjAIoqN2HJrBgJ2ySw==",
			"peer": true,
			"dependencies": {
				"tslib": "^2.0.0"
			},
			"peerDependencies": {
				"@angular/common": "^4.0.0 || ^7.0.0 || ^8.0.0 || ^9.0.0 || ^10.0.0",
				"@angular/core": "^4.0.0 || ^7.0.0 || ^8.0.0 || ^9.0.0 || ^10.0.0",
				"rxjs": "^6.0.0"
			}
		},
		"node_modules/@w11k/angular-sticky-things/node_modules/tslib": {
			"version": "2.1.0",
			"resolved": "https://registry.npmjs.org/tslib/-/tslib-2.1.0.tgz",
			"integrity": "sha512-hcVC3wYEziELGGmEEXue7D75zbwIIVUMWAVbHItGPx0ziyXxrOMQx4rQEVEV45Ut/1IotuEvwqPopzIOkDMf0A==",
			"peer": true
		},
		"node_modules/angular-mydatepicker": {
			"version": "0.10.3",
			"resolved": "https://registry.npmjs.org/angular-mydatepicker/-/angular-mydatepicker-0.10.3.tgz",
			"integrity": "sha512-KCKVCpofu3/VkEkemRqURKeqyz/f7nHT+eKm3ZGK6oUfy+o+t32lbDD+vZT5vxmwEJA8AbM168HXyExfjXc9vg==",
			"peer": true,
			"dependencies": {
				"tslib": "^1.9.0"
			},
			"peerDependencies": {
				"@angular/common": "^9.0.0",
				"@angular/core": "^9.0.0"
			}
		},
		"node_modules/lodash-es": {
			"version": "4.17.20",
			"resolved": "https://registry.npmjs.org/lodash-es/-/lodash-es-4.17.20.tgz",
			"integrity": "sha512-JD1COMZsq8maT6mnuz1UMV0jvYD0E0aUsSOdrr1/nAG3dhqQXwRRgeW0cSqH1U43INKcqxaiVIQNOUDld7gRDA==",
			"peer": true
		},
		"node_modules/moment": {
			"version": "2.29.1",
			"resolved": "https://registry.npmjs.org/moment/-/moment-2.29.1.tgz",
			"integrity": "sha512-kHmoybcPV8Sqy59DwNDY3Jefr64lK/by/da0ViFcuA4DH0vQg5Q6Ze5VimxkfQNSC+Mls/Kx53s7TjP1RhFEDQ==",
			"peer": true,
			"engines": {
				"node": "*"
			}
		},
		"node_modules/parse5": {
			"version": "5.1.1",
			"resolved": "https://registry.npmjs.org/parse5/-/parse5-5.1.1.tgz",
			"integrity": "sha512-ugq4DFI0Ptb+WWjAdOK16+u/nHfiIrcE+sh8kZMaM0WllQKLI9rOUq6c2b7cwPkXdzfQESqvoqK6ug7U/Yyzug==",
			"optional": true,
			"peer": true
		},
		"node_modules/rxjs": {
			"version": "6.6.3",
			"resolved": "https://registry.npmjs.org/rxjs/-/rxjs-6.6.3.tgz",
			"integrity": "sha512-trsQc+xYYXZ3urjOiJOuCOa5N3jAZ3eiSpQB5hIT8zGlL2QfnHLJ2r7GMkBGuIausdJN1OneaI6gQlsqNHHmZQ==",
			"peer": true,
			"dependencies": {
				"tslib": "^1.9.0"
			},
			"engines": {
				"npm": ">=2.0.0"
			}
		},
		"node_modules/sprintf-js": {
			"version": "1.1.2",
			"resolved": "https://registry.npmjs.org/sprintf-js/-/sprintf-js-1.1.2.tgz",
			"integrity": "sha512-VE0SOVEHCk7Qc8ulkWw3ntAzXuqf7S2lvwQaDLRnUeIEaKNQJzV6BwmLKhOqT61aGhfUMrXeaBk+oDGCzvhcug==",
			"peer": true
		},
		"node_modules/tslib": {
			"version": "1.14.1",
			"resolved": "https://registry.npmjs.org/tslib/-/tslib-1.14.1.tgz",
			"integrity": "sha512-Xni35NKzjgMrwevysHTCArtLDpPvye8zV/0E4EyYn43P7/7qvQwPh9BGkHewbMulVntbigmcT7rdX3BNo9wRJg==",
			"peer": true
		},
		"node_modules/uuid": {
			"version": "3.4.0",
			"resolved": "https://registry.npmjs.org/uuid/-/uuid-3.4.0.tgz",
			"integrity": "sha512-HjSDRw6gZE5JMggctHBcjVak08+KEVhSIiDzFnT9S9aegmp85S/bReBVTb4QTFaRNptJ9kuYaNhnbNEOkbKb/A==",
			"peer": true,
			"bin": {
				"uuid": "bin/uuid"
			}
		},
		"node_modules/zone.js": {
			"version": "0.10.3",
			"resolved": "https://registry.npmjs.org/zone.js/-/zone.js-0.10.3.tgz",
			"integrity": "sha512-LXVLVEq0NNOqK/fLJo3d0kfzd4sxwn2/h67/02pjCjfKDxgx1i9QqpvtHD8CrBnSSwMw5+dy11O7FRX5mkO7Cg==",
			"peer": true
		}
	},
	"dependencies": {
		"@angular/cdk": {
			"version": "9.2.4",
			"resolved": "https://registry.npmjs.org/@angular/cdk/-/cdk-9.2.4.tgz",
			"integrity": "sha512-iw2+qHMXHYVC6K/fttHeNHIieSKiTEodVutZoOEcBu9rmRTGbLB26V/CRsfIRmA1RBk+uFYWc6UQZnMC3RdnJQ==",
			"peer": true,
			"requires": {
				"parse5": "^5.0.0"
			}
		},
		"@angular/common": {
			"version": "9.1.13",
			"resolved": "https://registry.npmjs.org/@angular/common/-/common-9.1.13.tgz",
			"integrity": "sha512-QACUhJWlly/nfHUmjopVS1p6ayxxa/NqjyftdCeBJaoyM2YohqWixP/n/keu1K/srJ96aFpUNsZQgmgoRv5SOQ==",
			"peer": true,
			"requires": {}
		},
		"@angular/compiler": {
			"version": "9.1.13",
			"resolved": "https://registry.npmjs.org/@angular/compiler/-/compiler-9.1.13.tgz",
			"integrity": "sha512-9MLB1Xx7odKuxDoybVwiOB1ZEUZpL8FurYm4RVuW39ntsUt0IMC9Hb8UagZLTAWhaWSHydkD/KBQVVobGqd0lA==",
			"peer": true,
			"requires": {}
		},
		"@angular/core": {
			"version": "9.1.13",
			"resolved": "https://registry.npmjs.org/@angular/core/-/core-9.1.13.tgz",
			"integrity": "sha512-mBm24Q9GjkAsxMAzqQ86U1078+yTEpr0+syMEruUtJ0HUH6Fzn3J+6xTLb+BVcGb9RkCkFaV9T5mcn6ZM0f++g==",
			"peer": true,
			"requires": {}
		},
		"@angular/forms": {
			"version": "9.1.13",
			"resolved": "https://registry.npmjs.org/@angular/forms/-/forms-9.1.13.tgz",
			"integrity": "sha512-soGVZmPq2bzkxvtTyeJB8p3ejzm4xxt+43hJw6Ag8NxpwUFPVa30oJge3JV+u8Y4yBtl5SbOZ4bBX3EkMxLcGQ==",
			"peer": true,
			"requires": {}
		},
		"@angular/platform-browser": {
			"version": "9.1.13",
			"resolved": "https://registry.npmjs.org/@angular/platform-browser/-/platform-browser-9.1.13.tgz",
			"integrity": "sha512-F3iTz1zNbtrs7KFKUxbj8qmTsd/fiuTNcpBExjE5TtatRiE6J8vNvN1+Z/1FgPe0UXBSdTzSwZ8/RxWKw20RMw==",
			"peer": true,
			"requires": {}
		},
		"@angular/platform-browser-dynamic": {
			"version": "9.1.13",
			"resolved": "https://registry.npmjs.org/@angular/platform-browser-dynamic/-/platform-browser-dynamic-9.1.13.tgz",
			"integrity": "sha512-jCeHyAZ4Nap1/FOqAlKEg9UxQaSkHrxnQr6hYtWwC4ZDVUn3zLWQf6J+mbeYNOXN5yQxEiIqqhORYeOCLLqf1w==",
			"peer": true,
			"requires": {}
		},
		"@fortawesome/angular-fontawesome": {
			"version": "0.6.1",
			"resolved": "https://registry.npmjs.org/@fortawesome/angular-fontawesome/-/angular-fontawesome-0.6.1.tgz",
			"integrity": "sha512-ARQjtRuT+ZskzJDJKPwuiGO3+7nS0iyNLU/uHVJHfG4LwGJxwVIGldwg1SU957sra0Z0OtWEajHMhiS4vB9LwQ==",
			"peer": true,
			"requires": {}
		},
		"@fortawesome/fontawesome-common-types": {
			"version": "0.2.34",
			"resolved": "https://registry.npmjs.org/@fortawesome/fontawesome-common-types/-/fontawesome-common-types-0.2.34.tgz",
			"integrity": "sha512-XcIn3iYbTEzGIxD0/dY5+4f019jIcEIWBiHc3KrmK/ROahwxmZ/s+tdj97p/5K0klz4zZUiMfUlYP0ajhSJjmA==",
			"peer": true
		},
		"@fortawesome/fontawesome-svg-core": {
			"version": "1.2.34",
			"resolved": "https://registry.npmjs.org/@fortawesome/fontawesome-svg-core/-/fontawesome-svg-core-1.2.34.tgz",
			"integrity": "sha512-0KNN0nc5eIzaJxlv43QcDmTkDY1CqeN6J7OCGSs+fwGPdtv0yOQqRjieopBCmw+yd7uD3N2HeNL3Zm5isDleLg==",
			"peer": true,
			"requires": {
				"@fortawesome/fontawesome-common-types": "^0.2.34"
			}
		},
		"@fortawesome/free-solid-svg-icons": {
			"version": "5.15.2",
			"resolved": "https://registry.npmjs.org/@fortawesome/free-solid-svg-icons/-/free-solid-svg-icons-5.15.2.tgz",
			"integrity": "sha512-ZfCU+QjaFsdNZmOGmfqEWhzI3JOe37x5dF4kz9GeXvKn/sTxhqMtZ7mh3lBf76SvcYY5/GKFuyG7p1r4iWMQqw==",
			"peer": true,
			"requires": {
				"@fortawesome/fontawesome-common-types": "^0.2.34"
			}
		},
		"@w11k/angular-sticky-things": {
			"version": "1.3.1",
			"resolved": "https://registry.npmjs.org/@w11k/angular-sticky-things/-/angular-sticky-things-1.3.1.tgz",
			"integrity": "sha512-rOIyaX3oEKQwPj/zxL1FQrvRzAjE1Ad1aFN5wg+ovnP6nDURjgIU5fPGnZLiTQAXQdoSZjAIoqN2HJrBgJ2ySw==",
			"peer": true,
			"requires": {
				"tslib": "^2.0.0"
			},
			"dependencies": {
				"tslib": {
					"version": "2.1.0",
					"resolved": "https://registry.npmjs.org/tslib/-/tslib-2.1.0.tgz",
					"integrity": "sha512-hcVC3wYEziELGGmEEXue7D75zbwIIVUMWAVbHItGPx0ziyXxrOMQx4rQEVEV45Ut/1IotuEvwqPopzIOkDMf0A==",
					"peer": true
				}
			}
		},
		"angular-mydatepicker": {
			"version": "0.10.3",
			"resolved": "https://registry.npmjs.org/angular-mydatepicker/-/angular-mydatepicker-0.10.3.tgz",
			"integrity": "sha512-KCKVCpofu3/VkEkemRqURKeqyz/f7nHT+eKm3ZGK6oUfy+o+t32lbDD+vZT5vxmwEJA8AbM168HXyExfjXc9vg==",
			"peer": true,
			"requires": {
				"tslib": "^1.9.0"
			}
		},
		"lodash-es": {
			"version": "4.17.20",
			"resolved": "https://registry.npmjs.org/lodash-es/-/lodash-es-4.17.20.tgz",
			"integrity": "sha512-JD1COMZsq8maT6mnuz1UMV0jvYD0E0aUsSOdrr1/nAG3dhqQXwRRgeW0cSqH1U43INKcqxaiVIQNOUDld7gRDA==",
			"peer": true
		},
		"moment": {
			"version": "2.29.1",
			"resolved": "https://registry.npmjs.org/moment/-/moment-2.29.1.tgz",
			"integrity": "sha512-kHmoybcPV8Sqy59DwNDY3Jefr64lK/by/da0ViFcuA4DH0vQg5Q6Ze5VimxkfQNSC+Mls/Kx53s7TjP1RhFEDQ==",
			"peer": true
		},
		"parse5": {
			"version": "5.1.1",
			"resolved": "https://registry.npmjs.org/parse5/-/parse5-5.1.1.tgz",
			"integrity": "sha512-ugq4DFI0Ptb+WWjAdOK16+u/nHfiIrcE+sh8kZMaM0WllQKLI9rOUq6c2b7cwPkXdzfQESqvoqK6ug7U/Yyzug==",
			"optional": true,
			"peer": true
		},
		"rxjs": {
			"version": "6.6.3",
			"resolved": "https://registry.npmjs.org/rxjs/-/rxjs-6.6.3.tgz",
			"integrity": "sha512-trsQc+xYYXZ3urjOiJOuCOa5N3jAZ3eiSpQB5hIT8zGlL2QfnHLJ2r7GMkBGuIausdJN1OneaI6gQlsqNHHmZQ==",
			"peer": true,
			"requires": {
				"tslib": "^1.9.0"
			}
		},
		"sprintf-js": {
			"version": "1.1.2",
			"resolved": "https://registry.npmjs.org/sprintf-js/-/sprintf-js-1.1.2.tgz",
			"integrity": "sha512-VE0SOVEHCk7Qc8ulkWw3ntAzXuqf7S2lvwQaDLRnUeIEaKNQJzV6BwmLKhOqT61aGhfUMrXeaBk+oDGCzvhcug==",
			"peer": true
		},
		"tslib": {
			"version": "1.14.1",
			"resolved": "https://registry.npmjs.org/tslib/-/tslib-1.14.1.tgz",
			"integrity": "sha512-Xni35NKzjgMrwevysHTCArtLDpPvye8zV/0E4EyYn43P7/7qvQwPh9BGkHewbMulVntbigmcT7rdX3BNo9wRJg==",
			"peer": true
		},
		"uuid": {
			"version": "3.4.0",
			"resolved": "https://registry.npmjs.org/uuid/-/uuid-3.4.0.tgz",
			"integrity": "sha512-HjSDRw6gZE5JMggctHBcjVak08+KEVhSIiDzFnT9S9aegmp85S/bReBVTb4QTFaRNptJ9kuYaNhnbNEOkbKb/A==",
			"peer": true
		},
		"zone.js": {
			"version": "0.10.3",
			"resolved": "https://registry.npmjs.org/zone.js/-/zone.js-0.10.3.tgz",
			"integrity": "sha512-LXVLVEq0NNOqK/fLJo3d0kfzd4sxwn2/h67/02pjCjfKDxgx1i9QqpvtHD8CrBnSSwMw5+dy11O7FRX5mkO7Cg==",
			"peer": true
		}
	}
}
