{
	"name": "@my-ul/ng-porcelain",
	"version": "9.4.1-beta.1",
	"lockfileVersion": 2,
	"requires": true,
	"packages": {
		"": {
			"name": "@my-ul/ng-porcelain",
			"version": "9.4.1-beta.0",
			"peerDependencies": {
				"@angular/cdk": "^6.0.0 || ^7.0.0 || ^8.0.0 || ^9.0.0",
				"@angular/common": "^6.0.0 || ^7.0.0 || ^8.0.0 || ^9.0.0",
				"@angular/core": "^6.0.0 || ^7.0.0 || ^8.0.0 || ^9.0.0",
				"@angular/forms": "^6.0.0 || ^7.0.0 || ^8.0.0 || ^9.0.0",
				"@angular/platform-browser": "^6.0.0 || ^7.0.0 || ^8.0.0 || ^9.0.0",
				"@angular/platform-browser-dynamic": "^6.0.0 || ^7.0.0 || ^8.0.0 || ^9.0.0",
				"@fortawesome/angular-fontawesome": "^0.6.1",
				"@fortawesome/fontawesome-svg-core": "^1.2.30",
				"@fortawesome/free-solid-svg-icons": "^5.14.0",
				"@w11k/angular-sticky-things": "~1.3.0",
				"angular-mydatepicker": "^0.10.2",
				"lodash-es": "^4.0.0",
				"luxon": "^2.0.2",
				"sprintf-js": "^1.1.2",
				"uuid": "^9.0.0"
			}
		},
		"node_modules/@angular/cdk": {
			"version": "9.2.4",
			"resolved": "https://registry.npmjs.org/@angular/cdk/-/cdk-9.2.4.tgz",
			"integrity": "sha512-iw2+qHMXHYVC6K/fttHeNHIieSKiTEodVutZoOEcBu9rmRTGbLB26V/CRsfIRmA1RBk+uFYWc6UQZnMC3RdnJQ==",
			"peer": true,
			"optionalDependencies": {
				"parse5": "^5.0.0"
			},
			"peerDependencies": {
				"@angular/common": "^9.0.0 || ^10.0.0-0",
				"@angular/core": "^9.0.0 || ^10.0.0-0",
				"tslib": "^1.9.0"
			}
		},
		"node_modules/@angular/common": {
			"version": "9.1.13",
			"resolved": "https://registry.npmjs.org/@angular/common/-/common-9.1.13.tgz",
			"integrity": "sha512-QACUhJWlly/nfHUmjopVS1p6ayxxa/NqjyftdCeBJaoyM2YohqWixP/n/keu1K/srJ96aFpUNsZQgmgoRv5SOQ==",
			"peer": true,
			"peerDependencies": {
				"@angular/core": "9.1.13",
				"rxjs": "^6.5.3",
				"tslib": "^1.10.0"
			}
		},
		"node_modules/@angular/compiler": {
			"version": "9.1.13",
			"resolved": "https://registry.npmjs.org/@angular/compiler/-/compiler-9.1.13.tgz",
			"integrity": "sha512-9MLB1Xx7odKuxDoybVwiOB1ZEUZpL8FurYm4RVuW39ntsUt0IMC9Hb8UagZLTAWhaWSHydkD/KBQVVobGqd0lA==",
			"peer": true,
			"peerDependencies": {
				"tslib": "^1.10.0"
			}
		},
		"node_modules/@angular/core": {
			"version": "9.1.13",
			"resolved": "https://registry.npmjs.org/@angular/core/-/core-9.1.13.tgz",
			"integrity": "sha512-mBm24Q9GjkAsxMAzqQ86U1078+yTEpr0+syMEruUtJ0HUH6Fzn3J+6xTLb+BVcGb9RkCkFaV9T5mcn6ZM0f++g==",
			"peer": true,
			"peerDependencies": {
				"rxjs": "^6.5.3",
				"tslib": "^1.10.0",
				"zone.js": "~0.10.3"
			}
		},
		"node_modules/@angular/forms": {
			"version": "9.1.13",
			"resolved": "https://registry.npmjs.org/@angular/forms/-/forms-9.1.13.tgz",
			"integrity": "sha512-soGVZmPq2bzkxvtTyeJB8p3ejzm4xxt+43hJw6Ag8NxpwUFPVa30oJge3JV+u8Y4yBtl5SbOZ4bBX3EkMxLcGQ==",
			"peer": true,
			"peerDependencies": {
				"@angular/common": "9.1.13",
				"@angular/core": "9.1.13",
				"@angular/platform-browser": "9.1.13",
				"rxjs": "^6.5.3",
				"tslib": "^1.10.0"
			}
		},
		"node_modules/@angular/platform-browser": {
			"version": "9.1.13",
			"resolved": "https://registry.npmjs.org/@angular/platform-browser/-/platform-browser-9.1.13.tgz",
			"integrity": "sha512-F3iTz1zNbtrs7KFKUxbj8qmTsd/fiuTNcpBExjE5TtatRiE6J8vNvN1+Z/1FgPe0UXBSdTzSwZ8/RxWKw20RMw==",
			"peer": true,
			"peerDependencies": {
				"@angular/animations": "9.1.13",
				"@angular/common": "9.1.13",
				"@angular/core": "9.1.13",
				"tslib": "^1.10.0"
			},
			"peerDependenciesMeta": {
				"@angular/animations": {
					"optional": true
				}
			}
		},
		"node_modules/@angular/platform-browser-dynamic": {
			"version": "9.1.13",
			"resolved": "https://registry.npmjs.org/@angular/platform-browser-dynamic/-/platform-browser-dynamic-9.1.13.tgz",
			"integrity": "sha512-jCeHyAZ4Nap1/FOqAlKEg9UxQaSkHrxnQr6hYtWwC4ZDVUn3zLWQf6J+mbeYNOXN5yQxEiIqqhORYeOCLLqf1w==",
			"peer": true,
			"peerDependencies": {
				"@angular/common": "9.1.13",
				"@angular/compiler": "9.1.13",
				"@angular/core": "9.1.13",
				"@angular/platform-browser": "9.1.13",
				"tslib": "^1.10.0"
			}
		},
		"node_modules/@fortawesome/angular-fontawesome": {
			"version": "0.6.1",
			"resolved": "https://registry.npmjs.org/@fortawesome/angular-fontawesome/-/angular-fontawesome-0.6.1.tgz",
			"integrity": "sha512-ARQjtRuT+ZskzJDJKPwuiGO3+7nS0iyNLU/uHVJHfG4LwGJxwVIGldwg1SU957sra0Z0OtWEajHMhiS4vB9LwQ==",
			"peer": true,
			"peerDependencies": {
				"@angular/core": "^9.0.0",
				"@fortawesome/fontawesome-svg-core": "^1.2.27",
				"tslib": "^1.10.0"
			}
		},
		"node_modules/@fortawesome/fontawesome-common-types": {
			"version": "0.2.36",
			"resolved": "https://registry.npmjs.org/@fortawesome/fontawesome-common-types/-/fontawesome-common-types-0.2.36.tgz",
			"integrity": "sha512-a/7BiSgobHAgBWeN7N0w+lAhInrGxksn13uK7231n2m8EDPE3BMCl9NZLTGrj9ZXfCmC6LM0QLqXidIizVQ6yg==",
			"hasInstallScript": true,
			"peer": true,
			"engines": {
				"node": ">=6"
			}
		},
		"node_modules/@fortawesome/fontawesome-svg-core": {
			"version": "1.2.36",
			"resolved": "https://registry.npmjs.org/@fortawesome/fontawesome-svg-core/-/fontawesome-svg-core-1.2.36.tgz",
			"integrity": "sha512-YUcsLQKYb6DmaJjIHdDWpBIGCcyE/W+p/LMGvjQem55Mm2XWVAP5kWTMKWLv9lwpCVjpLxPyOMOyUocP1GxrtA==",
			"hasInstallScript": true,
			"peer": true,
			"dependencies": {
				"@fortawesome/fontawesome-common-types": "^0.2.36"
			},
			"engines": {
				"node": ">=6"
			}
		},
		"node_modules/@fortawesome/free-solid-svg-icons": {
			"version": "5.15.4",
			"resolved": "https://registry.npmjs.org/@fortawesome/free-solid-svg-icons/-/free-solid-svg-icons-5.15.4.tgz",
			"integrity": "sha512-JLmQfz6tdtwxoihXLg6lT78BorrFyCf59SAwBM6qV/0zXyVeDygJVb3fk+j5Qat+Yvcxp1buLTY5iDh1ZSAQ8w==",
			"hasInstallScript": true,
			"peer": true,
			"dependencies": {
				"@fortawesome/fontawesome-common-types": "^0.2.36"
			},
			"engines": {
				"node": ">=6"
			}
		},
		"node_modules/@w11k/angular-sticky-things": {
			"version": "1.3.2",
			"resolved": "https://registry.npmjs.org/@w11k/angular-sticky-things/-/angular-sticky-things-1.3.2.tgz",
			"integrity": "sha512-Dw6gTel4+9zFJHY451I06+fvBXOU208olfB9vuZ9RIoLwa3vyQ8Vy4jCBKv73qk+87r+Zyuknvto1WNL6tcKUQ==",
			"peer": true,
			"dependencies": {
				"tslib": "^2.0.0"
			},
			"peerDependencies": {
				"@angular/common": "^4.0.0 || ^7.0.0 || ^8.0.0 || ^9.0.0 || ^10.0.0",
				"@angular/core": "^4.0.0 || ^7.0.0 || ^8.0.0 || ^9.0.0 || ^10.0.0",
				"rxjs": "^6.0.0"
			}
		},
		"node_modules/@w11k/angular-sticky-things/node_modules/tslib": {
			"version": "2.5.0",
			"resolved": "https://registry.npmjs.org/tslib/-/tslib-2.5.0.tgz",
			"integrity": "sha512-336iVw3rtn2BUK7ORdIAHTyxHGRIHVReokCR3XjbckJMK7ms8FysBfhLR8IXnAgy7T0PTPNBWKiH514FOW/WSg==",
			"peer": true
		},
		"node_modules/angular-mydatepicker": {
			"version": "0.10.3",
			"resolved": "https://registry.npmjs.org/angular-mydatepicker/-/angular-mydatepicker-0.10.3.tgz",
			"integrity": "sha512-KCKVCpofu3/VkEkemRqURKeqyz/f7nHT+eKm3ZGK6oUfy+o+t32lbDD+vZT5vxmwEJA8AbM168HXyExfjXc9vg==",
			"peer": true,
			"dependencies": {
				"tslib": "^1.9.0"
			},
			"peerDependencies": {
				"@angular/common": "^9.0.0",
				"@angular/core": "^9.0.0"
			}
		},
		"node_modules/lodash-es": {
			"version": "4.17.21",
			"resolved": "https://registry.npmjs.org/lodash-es/-/lodash-es-4.17.21.tgz",
			"integrity": "sha512-mKnC+QJ9pWVzv+C4/U3rRsHapFfHvQFoFB92e52xeyGMcX6/OlIl78je1u8vePzYZSkkogMPJ2yjxxsb89cxyw==",
			"peer": true
		},
		"node_modules/luxon": {
			"version": "2.5.2",
			"resolved": "https://registry.npmjs.org/luxon/-/luxon-2.5.2.tgz",
			"integrity": "sha512-Yg7/RDp4nedqmLgyH0LwgGRvMEKVzKbUdkBYyCosbHgJ+kaOUx0qzSiSatVc3DFygnirTPYnMM2P5dg2uH1WvA==",
			"peer": true,
			"engines": {
				"node": ">=12"
			}
		},
		"node_modules/parse5": {
			"version": "5.1.1",
			"resolved": "https://registry.npmjs.org/parse5/-/parse5-5.1.1.tgz",
			"integrity": "sha512-ugq4DFI0Ptb+WWjAdOK16+u/nHfiIrcE+sh8kZMaM0WllQKLI9rOUq6c2b7cwPkXdzfQESqvoqK6ug7U/Yyzug==",
			"optional": true,
			"peer": true
		},
		"node_modules/rxjs": {
			"version": "6.6.7",
			"resolved": "https://registry.npmjs.org/rxjs/-/rxjs-6.6.7.tgz",
			"integrity": "sha512-hTdwr+7yYNIT5n4AMYp85KA6yw2Va0FLa3Rguvbpa4W3I5xynaBZo41cM3XM+4Q6fRMj3sBYIR1VAmZMXYJvRQ==",
			"peer": true,
			"dependencies": {
				"tslib": "^1.9.0"
			},
			"engines": {
				"npm": ">=2.0.0"
			}
		},
		"node_modules/sprintf-js": {
			"version": "1.1.2",
			"resolved": "https://registry.npmjs.org/sprintf-js/-/sprintf-js-1.1.2.tgz",
			"integrity": "sha512-VE0SOVEHCk7Qc8ulkWw3ntAzXuqf7S2lvwQaDLRnUeIEaKNQJzV6BwmLKhOqT61aGhfUMrXeaBk+oDGCzvhcug==",
			"peer": true
		},
		"node_modules/tslib": {
			"version": "1.14.1",
			"resolved": "https://registry.npmjs.org/tslib/-/tslib-1.14.1.tgz",
			"integrity": "sha512-Xni35NKzjgMrwevysHTCArtLDpPvye8zV/0E4EyYn43P7/7qvQwPh9BGkHewbMulVntbigmcT7rdX3BNo9wRJg==",
			"peer": true
		},
		"node_modules/uuid": {
			"version": "9.0.0",
			"resolved": "https://registry.npmjs.org/uuid/-/uuid-9.0.0.tgz",
			"integrity": "sha512-MXcSTerfPa4uqyzStbRoTgt5XIe3x5+42+q1sDuy3R5MDk66URdLMOZe5aPX/SQd+kuYAh0FdP/pO28IkQyTeg==",
			"peer": true,
			"bin": {
				"uuid": "dist/bin/uuid"
			}
		},
		"node_modules/zone.js": {
			"version": "0.10.3",
			"resolved": "https://registry.npmjs.org/zone.js/-/zone.js-0.10.3.tgz",
			"integrity": "sha512-LXVLVEq0NNOqK/fLJo3d0kfzd4sxwn2/h67/02pjCjfKDxgx1i9QqpvtHD8CrBnSSwMw5+dy11O7FRX5mkO7Cg==",
			"peer": true
		}
	},
	"dependencies": {
		"@angular/cdk": {
			"version": "9.2.4",
			"resolved": "https://registry.npmjs.org/@angular/cdk/-/cdk-9.2.4.tgz",
			"integrity": "sha512-iw2+qHMXHYVC6K/fttHeNHIieSKiTEodVutZoOEcBu9rmRTGbLB26V/CRsfIRmA1RBk+uFYWc6UQZnMC3RdnJQ==",
			"peer": true,
			"requires": {
				"parse5": "^5.0.0"
			}
		},
		"@angular/common": {
			"version": "9.1.13",
			"resolved": "https://registry.npmjs.org/@angular/common/-/common-9.1.13.tgz",
			"integrity": "sha512-QACUhJWlly/nfHUmjopVS1p6ayxxa/NqjyftdCeBJaoyM2YohqWixP/n/keu1K/srJ96aFpUNsZQgmgoRv5SOQ==",
			"peer": true,
			"requires": {}
		},
		"@angular/compiler": {
			"version": "9.1.13",
			"resolved": "https://registry.npmjs.org/@angular/compiler/-/compiler-9.1.13.tgz",
			"integrity": "sha512-9MLB1Xx7odKuxDoybVwiOB1ZEUZpL8FurYm4RVuW39ntsUt0IMC9Hb8UagZLTAWhaWSHydkD/KBQVVobGqd0lA==",
			"peer": true,
			"requires": {}
		},
		"@angular/core": {
			"version": "9.1.13",
			"resolved": "https://registry.npmjs.org/@angular/core/-/core-9.1.13.tgz",
			"integrity": "sha512-mBm24Q9GjkAsxMAzqQ86U1078+yTEpr0+syMEruUtJ0HUH6Fzn3J+6xTLb+BVcGb9RkCkFaV9T5mcn6ZM0f++g==",
			"peer": true,
			"requires": {}
		},
		"@angular/forms": {
			"version": "9.1.13",
			"resolved": "https://registry.npmjs.org/@angular/forms/-/forms-9.1.13.tgz",
			"integrity": "sha512-soGVZmPq2bzkxvtTyeJB8p3ejzm4xxt+43hJw6Ag8NxpwUFPVa30oJge3JV+u8Y4yBtl5SbOZ4bBX3EkMxLcGQ==",
			"peer": true,
			"requires": {}
		},
		"@angular/platform-browser": {
			"version": "9.1.13",
			"resolved": "https://registry.npmjs.org/@angular/platform-browser/-/platform-browser-9.1.13.tgz",
			"integrity": "sha512-F3iTz1zNbtrs7KFKUxbj8qmTsd/fiuTNcpBExjE5TtatRiE6J8vNvN1+Z/1FgPe0UXBSdTzSwZ8/RxWKw20RMw==",
			"peer": true,
			"requires": {}
		},
		"@angular/platform-browser-dynamic": {
			"version": "9.1.13",
			"resolved": "https://registry.npmjs.org/@angular/platform-browser-dynamic/-/platform-browser-dynamic-9.1.13.tgz",
			"integrity": "sha512-jCeHyAZ4Nap1/FOqAlKEg9UxQaSkHrxnQr6hYtWwC4ZDVUn3zLWQf6J+mbeYNOXN5yQxEiIqqhORYeOCLLqf1w==",
			"peer": true,
			"requires": {}
		},
		"@fortawesome/angular-fontawesome": {
			"version": "0.6.1",
			"resolved": "https://registry.npmjs.org/@fortawesome/angular-fontawesome/-/angular-fontawesome-0.6.1.tgz",
			"integrity": "sha512-ARQjtRuT+ZskzJDJKPwuiGO3+7nS0iyNLU/uHVJHfG4LwGJxwVIGldwg1SU957sra0Z0OtWEajHMhiS4vB9LwQ==",
			"peer": true,
			"requires": {}
		},
		"@fortawesome/fontawesome-common-types": {
			"version": "0.2.36",
			"resolved": "https://registry.npmjs.org/@fortawesome/fontawesome-common-types/-/fontawesome-common-types-0.2.36.tgz",
			"integrity": "sha512-a/7BiSgobHAgBWeN7N0w+lAhInrGxksn13uK7231n2m8EDPE3BMCl9NZLTGrj9ZXfCmC6LM0QLqXidIizVQ6yg==",
			"peer": true
		},
		"@fortawesome/fontawesome-svg-core": {
			"version": "1.2.36",
			"resolved": "https://registry.npmjs.org/@fortawesome/fontawesome-svg-core/-/fontawesome-svg-core-1.2.36.tgz",
			"integrity": "sha512-YUcsLQKYb6DmaJjIHdDWpBIGCcyE/W+p/LMGvjQem55Mm2XWVAP5kWTMKWLv9lwpCVjpLxPyOMOyUocP1GxrtA==",
			"peer": true,
			"requires": {
				"@fortawesome/fontawesome-common-types": "^0.2.36"
			}
		},
		"@fortawesome/free-solid-svg-icons": {
			"version": "5.15.4",
			"resolved": "https://registry.npmjs.org/@fortawesome/free-solid-svg-icons/-/free-solid-svg-icons-5.15.4.tgz",
			"integrity": "sha512-JLmQfz6tdtwxoihXLg6lT78BorrFyCf59SAwBM6qV/0zXyVeDygJVb3fk+j5Qat+Yvcxp1buLTY5iDh1ZSAQ8w==",
			"peer": true,
			"requires": {
				"@fortawesome/fontawesome-common-types": "^0.2.36"
			}
		},
		"@w11k/angular-sticky-things": {
			"version": "1.3.2",
			"resolved": "https://registry.npmjs.org/@w11k/angular-sticky-things/-/angular-sticky-things-1.3.2.tgz",
			"integrity": "sha512-Dw6gTel4+9zFJHY451I06+fvBXOU208olfB9vuZ9RIoLwa3vyQ8Vy4jCBKv73qk+87r+Zyuknvto1WNL6tcKUQ==",
			"peer": true,
			"requires": {
				"tslib": "^2.0.0"
			},
			"dependencies": {
				"tslib": {
					"version": "2.5.0",
					"resolved": "https://registry.npmjs.org/tslib/-/tslib-2.5.0.tgz",
					"integrity": "sha512-336iVw3rtn2BUK7ORdIAHTyxHGRIHVReokCR3XjbckJMK7ms8FysBfhLR8IXnAgy7T0PTPNBWKiH514FOW/WSg==",
					"peer": true
				}
			}
		},
		"angular-mydatepicker": {
			"version": "0.10.3",
			"resolved": "https://registry.npmjs.org/angular-mydatepicker/-/angular-mydatepicker-0.10.3.tgz",
			"integrity": "sha512-KCKVCpofu3/VkEkemRqURKeqyz/f7nHT+eKm3ZGK6oUfy+o+t32lbDD+vZT5vxmwEJA8AbM168HXyExfjXc9vg==",
			"peer": true,
			"requires": {
				"tslib": "^1.9.0"
			}
		},
		"lodash-es": {
			"version": "4.17.21",
			"resolved": "https://registry.npmjs.org/lodash-es/-/lodash-es-4.17.21.tgz",
			"integrity": "sha512-mKnC+QJ9pWVzv+C4/U3rRsHapFfHvQFoFB92e52xeyGMcX6/OlIl78je1u8vePzYZSkkogMPJ2yjxxsb89cxyw==",
			"peer": true
		},
		"luxon": {
			"version": "2.5.2",
			"resolved": "https://registry.npmjs.org/luxon/-/luxon-2.5.2.tgz",
			"integrity": "sha512-Yg7/RDp4nedqmLgyH0LwgGRvMEKVzKbUdkBYyCosbHgJ+kaOUx0qzSiSatVc3DFygnirTPYnMM2P5dg2uH1WvA==",
			"peer": true
		},
		"parse5": {
			"version": "5.1.1",
			"resolved": "https://registry.npmjs.org/parse5/-/parse5-5.1.1.tgz",
			"integrity": "sha512-ugq4DFI0Ptb+WWjAdOK16+u/nHfiIrcE+sh8kZMaM0WllQKLI9rOUq6c2b7cwPkXdzfQESqvoqK6ug7U/Yyzug==",
			"optional": true,
			"peer": true
		},
		"rxjs": {
			"version": "6.6.7",
			"resolved": "https://registry.npmjs.org/rxjs/-/rxjs-6.6.7.tgz",
			"integrity": "sha512-hTdwr+7yYNIT5n4AMYp85KA6yw2Va0FLa3Rguvbpa4W3I5xynaBZo41cM3XM+4Q6fRMj3sBYIR1VAmZMXYJvRQ==",
			"peer": true,
			"requires": {
				"tslib": "^1.9.0"
			}
		},
		"sprintf-js": {
			"version": "1.1.2",
			"resolved": "https://registry.npmjs.org/sprintf-js/-/sprintf-js-1.1.2.tgz",
			"integrity": "sha512-VE0SOVEHCk7Qc8ulkWw3ntAzXuqf7S2lvwQaDLRnUeIEaKNQJzV6BwmLKhOqT61aGhfUMrXeaBk+oDGCzvhcug==",
			"peer": true
		},
		"tslib": {
			"version": "1.14.1",
			"resolved": "https://registry.npmjs.org/tslib/-/tslib-1.14.1.tgz",
			"integrity": "sha512-Xni35NKzjgMrwevysHTCArtLDpPvye8zV/0E4EyYn43P7/7qvQwPh9BGkHewbMulVntbigmcT7rdX3BNo9wRJg==",
			"peer": true
		},
		"uuid": {
			"version": "9.0.0",
			"resolved": "https://registry.npmjs.org/uuid/-/uuid-9.0.0.tgz",
			"integrity": "sha512-MXcSTerfPa4uqyzStbRoTgt5XIe3x5+42+q1sDuy3R5MDk66URdLMOZe5aPX/SQd+kuYAh0FdP/pO28IkQyTeg==",
			"peer": true
		},
		"zone.js": {
			"version": "0.10.3",
			"resolved": "https://registry.npmjs.org/zone.js/-/zone.js-0.10.3.tgz",
			"integrity": "sha512-LXVLVEq0NNOqK/fLJo3d0kfzd4sxwn2/h67/02pjCjfKDxgx1i9QqpvtHD8CrBnSSwMw5+dy11O7FRX5mkO7Cg==",
			"peer": true
		}
	}
}
